
Microsoft Visual Studio Solution File, Format Version 12.00
Project("{FAE04EC0-301F-11D3-BF4B-00C04F79EFBC}") = "EShop_Site", "EShop_Site\EShop_Site.csproj", "{CF0D700C-67F4-4A4B-BC26-57ACB08877C4}"
EndProject
Project("{FAE04EC0-301F-11D3-BF4B-00C04F79EFBC}") = "SharedLibrary", "..\EShop_BL\SharedLibrary\SharedLibrary.csproj", "{065253D0-E9CE-4F32-A65E-C76BBCB0BEC0}"
EndProject
Global
	GlobalSection(SolutionConfigurationPlatforms) = preSolution
		Debug|Any CPU = Debug|Any CPU
		Release|Any CPU = Release|Any CPU
	EndGlobalSection
	GlobalSection(ProjectConfigurationPlatforms) = postSolution
		{CF0D700C-67F4-4A4B-BC26-57ACB08877C4}.Debug|Any CPU.ActiveCfg = Debug|Any CPU
		{CF0D700C-67F4-4A4B-BC26-57ACB08877C4}.Debug|Any CPU.Build.0 = Debug|Any CPU
		{CF0D700C-67F4-4A4B-BC26-57ACB08877C4}.Release|Any CPU.ActiveCfg = Release|Any CPU
		{CF0D700C-67F4-4A4B-BC26-57ACB08877C4}.Release|Any CPU.Build.0 = Release|Any CPU
		{065253D0-E9CE-4F32-A65E-C76BBCB0BEC0}.Debug|Any CPU.ActiveCfg = Debug|Any CPU
		{065253D0-E9CE-4F32-A65E-C76BBCB0BEC0}.Debug|Any CPU.Build.0 = Debug|Any CPU
		{065253D0-E9CE-4F32-A65E-C76BBCB0BEC0}.Release|Any CPU.ActiveCfg = Release|Any CPU
		{065253D0-E9CE-4F32-A65E-C76BBCB0BEC0}.Release|Any CPU.Build.0 = Release|Any CPU
	EndGlobalSection
EndGlobal
